{
  "name": "botspot",
  "version": "1.0.0",
  "lockfileVersion": 1,
  "requires": true,
  "dependencies": {
    "arrive": {
      "version": "2.4.1",
      "resolved": "https://registry.npmjs.org/arrive/-/arrive-2.4.1.tgz",
      "integrity": "sha1-VkyH8gvAm4DeeBEk2UMWlQBLgCA="
    },
    "jquery": {
      "version": "3.3.1",
      "resolved": "https://registry.npmjs.org/jquery/-/jquery-3.3.1.tgz",
      "integrity": "sha512-Ubldcmxp5np52/ENotGxlLe6aGMvmF4R8S6tZjsP6Knsaxd/xp3Zrh50cG93lR6nPXyUFwzN3ZSOQI0wRJNdGg=="
    }
  }
}
